// !$*UTF8*$!
{
	archiveVersion = 1;
	classes = {
	};
	objectVersion = 56;
	objects = {

/* Begin PBXBuildFile section */
		2CF006C12BDF0D3800941E8B /* Dungeon_RollApp.swift in Sources */ = {isa = PBXBuildFile; fileRef = 2CF006C02BDF0D3800941E8B /* Dungeon_RollApp.swift */; };
		2CF006C32BDF0D3800941E8B /* LaunchView.swift in Sources */ = {isa = PBXBuildFile; fileRef = 2CF006C22BDF0D3800941E8B /* LaunchView.swift */; };
		2CF006C52BDF0D3900941E8B /* Assets.xcassets in Resources */ = {isa = PBXBuildFile; fileRef = 2CF006C42BDF0D3900941E8B /* Assets.xcassets */; };
		2CF006C82BDF0D3900941E8B /* Preview Assets.xcassets in Resources */ = {isa = PBXBuildFile; fileRef = 2CF006C72BDF0D3900941E8B /* Preview Assets.xcassets */; };
		2CF006D22BDF0D3900941E8B /* Dungeon_RollTests.swift in Sources */ = {isa = PBXBuildFile; fileRef = 2CF006D12BDF0D3900941E8B /* Dungeon_RollTests.swift */; };
		2CF006DC2BDF0D3900941E8B /* Dungeon_RollUITests.swift in Sources */ = {isa = PBXBuildFile; fileRef = 2CF006DB2BDF0D3900941E8B /* Dungeon_RollUITests.swift */; };
		2CF006DE2BDF0D3900941E8B /* Dungeon_RollUITestsLaunchTests.swift in Sources */ = {isa = PBXBuildFile; fileRef = 2CF006DD2BDF0D3900941E8B /* Dungeon_RollUITestsLaunchTests.swift */; };
		2CF006EB2BDF165C00941E8B /* CharacterView.swift in Sources */ = {isa = PBXBuildFile; fileRef = 2CF006EA2BDF165C00941E8B /* CharacterView.swift */; };
		2CF006ED2BDF16B200941E8B /* NewCharacterView.swift in Sources */ = {isa = PBXBuildFile; fileRef = 2CF006EC2BDF16B200941E8B /* NewCharacterView.swift */; };
		2CF006EF2BDF16D900941E8B /* GameView.swift in Sources */ = {isa = PBXBuildFile; fileRef = 2CF006EE2BDF16D900941E8B /* GameView.swift */; };
		2CF006F12BDF1A3B00941E8B /* DataManager.swift in Sources */ = {isa = PBXBuildFile; fileRef = 2CF006F02BDF1A3B00941E8B /* DataManager.swift */; };
		2CF006F32BDF20EA00941E8B /* CharViewHelper.swift in Sources */ = {isa = PBXBuildFile; fileRef = 2CF006F22BDF20EA00941E8B /* CharViewHelper.swift */; };
/* End PBXBuildFile section */

/* Begin PBXContainerItemProxy section */
		2CF006CE2BDF0D3900941E8B /* PBXContainerItemProxy */ = {
			isa = PBXContainerItemProxy;
			containerPortal = 2CF006B52BDF0D3800941E8B /* Project object */;
			proxyType = 1;
			remoteGlobalIDString = 2CF006BC2BDF0D3800941E8B;
			remoteInfo = "Dungeon Roll";
		};
		2CF006D82BDF0D3900941E8B /* PBXContainerItemProxy */ = {
			isa = PBXContainerItemProxy;
			containerPortal = 2CF006B52BDF0D3800941E8B /* Project object */;
			proxyType = 1;
			remoteGlobalIDString = 2CF006BC2BDF0D3800941E8B;
			remoteInfo = "Dungeon Roll";
		};
/* End PBXContainerItemProxy section */

/* Begin PBXFileReference section */
		2CF006BD2BDF0D3800941E8B /* Dungeon Roll.app */ = {isa = PBXFileReference; explicitFileType = wrapper.application; includeInIndex = 0; path = "Dungeon Roll.app"; sourceTree = BUILT_PRODUCTS_DIR; };
		2CF006C02BDF0D3800941E8B /* Dungeon_RollApp.swift */ = {isa = PBXFileReference; lastKnownFileType = sourcecode.swift; path = Dungeon_RollApp.swift; sourceTree = "<group>"; };
		2CF006C22BDF0D3800941E8B /* LaunchView.swift */ = {isa = PBXFileReference; lastKnownFileType = sourcecode.swift; path = LaunchView.swift; sourceTree = "<group>"; };
		2CF006C42BDF0D3900941E8B /* Assets.xcassets */ = {isa = PBXFileReference; lastKnownFileType = folder.assetcatalog; path = Assets.xcassets; sourceTree = "<group>"; };
		2CF006C72BDF0D3900941E8B /* Preview Assets.xcassets */ = {isa = PBXFileReference; lastKnownFileType = folder.assetcatalog; path = "Preview Assets.xcassets"; sourceTree = "<group>"; };
		2CF006CD2BDF0D3900941E8B /* Dungeon RollTests.xctest */ = {isa = PBXFileReference; explicitFileType = wrapper.cfbundle; includeInIndex = 0; path = "Dungeon RollTests.xctest"; sourceTree = BUILT_PRODUCTS_DIR; };
		2CF006D12BDF0D3900941E8B /* Dungeon_RollTests.swift */ = {isa = PBXFileReference; lastKnownFileType = sourcecode.swift; path = Dungeon_RollTests.swift; sourceTree = "<group>"; };
		2CF006D72BDF0D3900941E8B /* Dungeon RollUITests.xctest */ = {isa = PBXFileReference; explicitFileType = wrapper.cfbundle; includeInIndex = 0; path = "Dungeon RollUITests.xctest"; sourceTree = BUILT_PRODUCTS_DIR; };
		2CF006DB2BDF0D3900941E8B /* Dungeon_RollUITests.swift */ = {isa = PBXFileReference; lastKnownFileType = sourcecode.swift; path = Dungeon_RollUITests.swift; sourceTree = "<group>"; };
		2CF006DD2BDF0D3900941E8B /* Dungeon_RollUITestsLaunchTests.swift */ = {isa = PBXFileReference; lastKnownFileType = sourcecode.swift; path = Dungeon_RollUITestsLaunchTests.swift; sourceTree = "<group>"; };
		2CF006EA2BDF165C00941E8B /* CharacterView.swift */ = {isa = PBXFileReference; lastKnownFileType = sourcecode.swift; path = CharacterView.swift; sourceTree = "<group>"; };
		2CF006EC2BDF16B200941E8B /* NewCharacterView.swift */ = {isa = PBXFileReference; lastKnownFileType = sourcecode.swift; path = NewCharacterView.swift; sourceTree = "<group>"; };
		2CF006EE2BDF16D900941E8B /* GameView.swift */ = {isa = PBXFileReference; lastKnownFileType = sourcecode.swift; path = GameView.swift; sourceTree = "<group>"; };
		2CF006F02BDF1A3B00941E8B /* DataManager.swift */ = {isa = PBXFileReference; lastKnownFileType = sourcecode.swift; path = DataManager.swift; sourceTree = "<group>"; };
		2CF006F22BDF20EA00941E8B /* CharViewHelper.swift */ = {isa = PBXFileReference; lastKnownFileType = sourcecode.swift; path = CharViewHelper.swift; sourceTree = "<group>"; };
/* End PBXFileReference section */

/* Begin PBXFrameworksBuildPhase section */
		2CF006BA2BDF0D3800941E8B /* Frameworks */ = {
			isa = PBXFrameworksBuildPhase;
			buildActionMask = 2147483647;
			files = (
			);
			runOnlyForDeploymentPostprocessing = 0;
		};
		2CF006CA2BDF0D3900941E8B /* Frameworks */ = {
			isa = PBXFrameworksBuildPhase;
			buildActionMask = 2147483647;
			files = (
			);
			runOnlyForDeploymentPostprocessing = 0;
		};
		2CF006D42BDF0D3900941E8B /* Frameworks */ = {
			isa = PBXFrameworksBuildPhase;
			buildActionMask = 2147483647;
			files = (
			);
			runOnlyForDeploymentPostprocessing = 0;
		};
/* End PBXFrameworksBuildPhase section */

/* Begin PBXGroup section */
		2CF006B42BDF0D3800941E8B = {
			isa = PBXGroup;
			children = (
				2CF006BF2BDF0D3800941E8B /* Dungeon Roll */,
				2CF006D02BDF0D3900941E8B /* Dungeon RollTests */,
				2CF006DA2BDF0D3900941E8B /* Dungeon RollUITests */,
				2CF006BE2BDF0D3800941E8B /* Products */,
			);
			sourceTree = "<group>";
		};
		2CF006BE2BDF0D3800941E8B /* Products */ = {
			isa = PBXGroup;
			children = (
				2CF006BD2BDF0D3800941E8B /* Dungeon Roll.app */,
				2CF006CD2BDF0D3900941E8B /* Dungeon RollTests.xctest */,
				2CF006D72BDF0D3900941E8B /* Dungeon RollUITests.xctest */,
			);
			name = Products;
			sourceTree = "<group>";
		};
		2CF006BF2BDF0D3800941E8B /* Dungeon Roll */ = {
			isa = PBXGroup;
			children = (
				2CF006C02BDF0D3800941E8B /* Dungeon_RollApp.swift */,
				2CF006C22BDF0D3800941E8B /* LaunchView.swift */,
				2CF006EA2BDF165C00941E8B /* CharacterView.swift */,
				2CF006F22BDF20EA00941E8B /* CharViewHelper.swift */,
				2CF006F02BDF1A3B00941E8B /* DataManager.swift */,
				2CF006EC2BDF16B200941E8B /* NewCharacterView.swift */,
				2CF006EE2BDF16D900941E8B /* GameView.swift */,
				2CF006C42BDF0D3900941E8B /* Assets.xcassets */,
				2CF006C62BDF0D3900941E8B /* Preview Content */,
			);
			path = "Dungeon Roll";
			sourceTree = "<group>";
		};
		2CF006C62BDF0D3900941E8B /* Preview Content */ = {
			isa = PBXGroup;
			children = (
				2CF006C72BDF0D3900941E8B /* Preview Assets.xcassets */,
			);
			path = "Preview Content";
			sourceTree = "<group>";
		};
		2CF006D02BDF0D3900941E8B /* Dungeon RollTests */ = {
			isa = PBXGroup;
			children = (
				2CF006D12BDF0D3900941E8B /* Dungeon_RollTests.swift */,
			);
			path = "Dungeon RollTests";
			sourceTree = "<group>";
		};
		2CF006DA2BDF0D3900941E8B /* Dungeon RollUITests */ = {
			isa = PBXGroup;
			children = (
				2CF006DB2BDF0D3900941E8B /* Dungeon_RollUITests.swift */,
				2CF006DD2BDF0D3900941E8B /* Dungeon_RollUITestsLaunchTests.swift */,
			);
			path = "Dungeon RollUITests";
			sourceTree = "<group>";
		};
/* End PBXGroup section */

/* Begin PBXNativeTarget section */
		2CF006BC2BDF0D3800941E8B /* Dungeon Roll */ = {
			isa = PBXNativeTarget;
			buildConfigurationList = 2CF006E12BDF0D3900941E8B /* Build configuration list for PBXNativeTarget "Dungeon Roll" */;
			buildPhases = (
				2CF006B92BDF0D3800941E8B /* Sources */,
				2CF006BA2BDF0D3800941E8B /* Frameworks */,
				2CF006BB2BDF0D3800941E8B /* Resources */,
			);
			buildRules = (
			);
			dependencies = (
			);
			name = "Dungeon Roll";
			productName = "Dungeon Roll";
			productReference = 2CF006BD2BDF0D3800941E8B /* Dungeon Roll.app */;
			productType = "com.apple.product-type.application";
		};
		2CF006CC2BDF0D3900941E8B /* Dungeon RollTests */ = {
			isa = PBXNativeTarget;
			buildConfigurationList = 2CF006E42BDF0D3900941E8B /* Build configuration list for PBXNativeTarget "Dungeon RollTests" */;
			buildPhases = (
				2CF006C92BDF0D3900941E8B /* Sources */,
				2CF006CA2BDF0D3900941E8B /* Frameworks */,
				2CF006CB2BDF0D3900941E8B /* Resources */,
			);
			buildRules = (
			);
			dependencies = (
				2CF006CF2BDF0D3900941E8B /* PBXTargetDependency */,
			);
			name = "Dungeon RollTests";
			productName = "Dungeon RollTests";
			productReference = 2CF006CD2BDF0D3900941E8B /* Dungeon RollTests.xctest */;
			productType = "com.apple.product-type.bundle.unit-test";
		};
		2CF006D62BDF0D3900941E8B /* Dungeon RollUITests */ = {
			isa = PBXNativeTarget;
			buildConfigurationList = 2CF006E72BDF0D3900941E8B /* Build configuration list for PBXNativeTarget "Dungeon RollUITests" */;
			buildPhases = (
				2CF006D32BDF0D3900941E8B /* Sources */,
				2CF006D42BDF0D3900941E8B /* Frameworks */,
				2CF006D52BDF0D3900941E8B /* Resources */,
			);
			buildRules = (
			);
			dependencies = (
				2CF006D92BDF0D3900941E8B /* PBXTargetDependency */,
			);
			name = "Dungeon RollUITests";
			productName = "Dungeon RollUITests";
			productReference = 2CF006D72BDF0D3900941E8B /* Dungeon RollUITests.xctest */;
			productType = "com.apple.product-type.bundle.ui-testing";
		};
/* End PBXNativeTarget section */

/* Begin PBXProject section */
		2CF006B52BDF0D3800941E8B /* Project object */ = {
			isa = PBXProject;
			attributes = {
				BuildIndependentTargetsInParallel = 1;
				LastSwiftUpdateCheck = 1530;
				LastUpgradeCheck = 1530;
				TargetAttributes = {
					2CF006BC2BDF0D3800941E8B = {
						CreatedOnToolsVersion = 15.3;
					};
					2CF006CC2BDF0D3900941E8B = {
						CreatedOnToolsVersion = 15.3;
						TestTargetID = 2CF006BC2BDF0D3800941E8B;
					};
					2CF006D62BDF0D3900941E8B = {
						CreatedOnToolsVersion = 15.3;
						TestTargetID = 2CF006BC2BDF0D3800941E8B;
					};
				};
			};
			buildConfigurationList = 2CF006B82BDF0D3800941E8B /* Build configuration list for PBXProject "Dungeon Roll" */;
			compatibilityVersion = "Xcode 14.0";
			developmentRegion = en;
			hasScannedForEncodings = 0;
			knownRegions = (
				en,
				Base,
			);
			mainGroup = 2CF006B42BDF0D3800941E8B;
			productRefGroup = 2CF006BE2BDF0D3800941E8B /* Products */;
			projectDirPath = "";
			projectRoot = "";
			targets = (
				2CF006BC2BDF0D3800941E8B /* Dungeon Roll */,
				2CF006CC2BDF0D3900941E8B /* Dungeon RollTests */,
				2CF006D62BDF0D3900941E8B /* Dungeon RollUITests */,
			);
		};
/* End PBXProject section */

/* Begin PBXResourcesBuildPhase section */
		2CF006BB2BDF0D3800941E8B /* Resources */ = {
			isa = PBXResourcesBuildPhase;
			buildActionMask = 2147483647;
			files = (
				2CF006C82BDF0D3900941E8B /* Preview Assets.xcassets in Resources */,
				2CF006C52BDF0D3900941E8B /* Assets.xcassets in Resources */,
			);
			runOnlyForDeploymentPostprocessing = 0;
		};
		2CF006CB2BDF0D3900941E8B /* Resources */ = {
			isa = PBXResourcesBuildPhase;
			buildActionMask = 2147483647;
			files = (
			);
			runOnlyForDeploymentPostprocessing = 0;
		};
		2CF006D52BDF0D3900941E8B /* Resources */ = {
			isa = PBXResourcesBuildPhase;
			buildActionMask = 2147483647;
			files = (
			);
			runOnlyForDeploymentPostprocessing = 0;
		};
/* End PBXResourcesBuildPhase section */

/* Begin PBXSourcesBuildPhase section */
		2CF006B92BDF0D3800941E8B /* Sources */ = {
			isa = PBXSourcesBuildPhase;
			buildActionMask = 2147483647;
			files = (
				2CF006EB2BDF165C00941E8B /* CharacterView.swift in Sources */,
				2CF006F32BDF20EA00941E8B /* CharViewHelper.swift in Sources */,
				2CF006F12BDF1A3B00941E8B /* DataManager.swift in Sources */,
				2CF006C32BDF0D3800941E8B /* LaunchView.swift in Sources */,
				2CF006C12BDF0D3800941E8B /* Dungeon_RollApp.swift in Sources */,
				2CF006ED2BDF16B200941E8B /* NewCharacterView.swift in Sources */,
				2CF006EF2BDF16D900941E8B /* GameView.swift in Sources */,
			);
			runOnlyForDeploymentPostprocessing = 0;
		};
		2CF006C92BDF0D3900941E8B /* Sources */ = {
			isa = PBXSourcesBuildPhase;
			buildActionMask = 2147483647;
			files = (
				2CF006D22BDF0D3900941E8B /* Dungeon_RollTests.swift in Sources */,
			);
			runOnlyForDeploymentPostprocessing = 0;
		};
		2CF006D32BDF0D3900941E8B /* Sources */ = {
			isa = PBXSourcesBuildPhase;
			buildActionMask = 2147483647;
			files = (
				2CF006DE2BDF0D3900941E8B /* Dungeon_RollUITestsLaunchTests.swift in Sources */,
				2CF006DC2BDF0D3900941E8B /* Dungeon_RollUITests.swift in Sources */,
			);
			runOnlyForDeploymentPostprocessing = 0;
		};
/* End PBXSourcesBuildPhase section */

/* Begin PBXTargetDependency section */
		2CF006CF2BDF0D3900941E8B /* PBXTargetDependency */ = {
			isa = PBXTargetDependency;
			target = 2CF006BC2BDF0D3800941E8B /* Dungeon Roll */;
			targetProxy = 2CF006CE2BDF0D3900941E8B /* PBXContainerItemProxy */;
		};
		2CF006D92BDF0D3900941E8B /* PBXTargetDependency */ = {
			isa = PBXTargetDependency;
			target = 2CF006BC2BDF0D3800941E8B /* Dungeon Roll */;
			targetProxy = 2CF006D82BDF0D3900941E8B /* PBXContainerItemProxy */;
		};
/* End PBXTargetDependency section */

/* Begin XCBuildConfiguration section */
		2CF006DF2BDF0D3900941E8B /* Debug */ = {
			isa = XCBuildConfiguration;
			buildSettings = {
				ALWAYS_SEARCH_USER_PATHS = NO;
				ASSETCATALOG_COMPILER_GENERATE_SWIFT_ASSET_SYMBOL_EXTENSIONS = YES;
				CLANG_ANALYZER_NONNULL = YES;
				CLANG_ANALYZER_NUMBER_OBJECT_CONVERSION = YES_AGGRESSIVE;
				CLANG_CXX_LANGUAGE_STANDARD = "gnu++20";
				CLANG_ENABLE_MODULES = YES;
				CLANG_ENABLE_OBJC_ARC = YES;
				CLANG_ENABLE_OBJC_WEAK = YES;
				CLANG_WARN_BLOCK_CAPTURE_AUTORELEASING = YES;
				CLANG_WARN_BOOL_CONVERSION = YES;
				CLANG_WARN_COMMA = YES;
				CLANG_WARN_CONSTANT_CONVERSION = YES;
				CLANG_WARN_DEPRECATED_OBJC_IMPLEMENTATIONS = YES;
				CLANG_WARN_DIRECT_OBJC_ISA_USAGE = YES_ERROR;
				CLANG_WARN_DOCUMENTATION_COMMENTS = YES;
				CLANG_WARN_EMPTY_BODY = YES;
				CLANG_WARN_ENUM_CONVERSION = YES;
				CLANG_WARN_INFINITE_RECURSION = YES;
				CLANG_WARN_INT_CONVERSION = YES;
				CLANG_WARN_NON_LITERAL_NULL_CONVERSION = YES;
				CLANG_WARN_OBJC_IMPLICIT_RETAIN_SELF = YES;
				CLANG_WARN_OBJC_LITERAL_CONVERSION = YES;
				CLANG_WARN_OBJC_ROOT_CLASS = YES_ERROR;
				CLANG_WARN_QUOTED_INCLUDE_IN_FRAMEWORK_HEADER = YES;
				CLANG_WARN_RANGE_LOOP_ANALYSIS = YES;
				CLANG_WARN_STRICT_PROTOTYPES = YES;
				CLANG_WARN_SUSPICIOUS_MOVE = YES;
				CLANG_WARN_UNGUARDED_AVAILABILITY = YES_AGGRESSIVE;
				CLANG_WARN_UNREACHABLE_CODE = YES;
				CLANG_WARN__DUPLICATE_METHOD_MATCH = YES;
				COPY_PHASE_STRIP = NO;
				DEBUG_INFORMATION_FORMAT = dwarf;
				ENABLE_STRICT_OBJC_MSGSEND = YES;
				ENABLE_TESTABILITY = YES;
				ENABLE_USER_SCRIPT_SANDBOXING = YES;
				GCC_C_LANGUAGE_STANDARD = gnu17;
				GCC_DYNAMIC_NO_PIC = NO;
				GCC_NO_COMMON_BLOCKS = YES;
				GCC_OPTIMIZATION_LEVEL = 0;
				GCC_PREPROCESSOR_DEFINITIONS = (
					"DEBUG=1",
					"$(inherited)",
				);
				GCC_WARN_64_TO_32_BIT_CONVERSION = YES;
				GCC_WARN_ABOUT_RETURN_TYPE = YES_ERROR;
				GCC_WARN_UNDECLARED_SELECTOR = YES;
				GCC_WARN_UNINITIALIZED_AUTOS = YES_AGGRESSIVE;
				GCC_WARN_UNUSED_FUNCTION = YES;
				GCC_WARN_UNUSED_VARIABLE = YES;
				IPHONEOS_DEPLOYMENT_TARGET = 17.4;
				LOCALIZATION_PREFERS_STRING_CATALOGS = YES;
				MTL_ENABLE_DEBUG_INFO = INCLUDE_SOURCE;
				MTL_FAST_MATH = YES;
				ONLY_ACTIVE_ARCH = YES;
				SDKROOT = iphoneos;
				SWIFT_ACTIVE_COMPILATION_CONDITIONS = "DEBUG $(inherited)";
				SWIFT_OPTIMIZATION_LEVEL = "-Onone";
			};
			name = Debug;
		};
		2CF006E02BDF0D3900941E8B /* Release */ = {
			isa = XCBuildConfiguration;
			buildSettings = {
				ALWAYS_SEARCH_USER_PATHS = NO;
				ASSETCATALOG_COMPILER_GENERATE_SWIFT_ASSET_SYMBOL_EXTENSIONS = YES;
				CLANG_ANALYZER_NONNULL = YES;
				CLANG_ANALYZER_NUMBER_OBJECT_CONVERSION = YES_AGGRESSIVE;
				CLANG_CXX_LANGUAGE_STANDARD = "gnu++20";
				CLANG_ENABLE_MODULES = YES;
				CLANG_ENABLE_OBJC_ARC = YES;
				CLANG_ENABLE_OBJC_WEAK = YES;
				CLANG_WARN_BLOCK_CAPTURE_AUTORELEASING = YES;
				CLANG_WARN_BOOL_CONVERSION = YES;
				CLANG_WARN_COMMA = YES;
				CLANG_WARN_CONSTANT_CONVERSION = YES;
				CLANG_WARN_DEPRECATED_OBJC_IMPLEMENTATIONS = YES;
				CLANG_WARN_DIRECT_OBJC_ISA_USAGE = YES_ERROR;
				CLANG_WARN_DOCUMENTATION_COMMENTS = YES;
				CLANG_WARN_EMPTY_BODY = YES;
				CLANG_WARN_ENUM_CONVERSION = YES;
				CLANG_WARN_INFINITE_RECURSION = YES;
				CLANG_WARN_INT_CONVERSION = YES;
				CLANG_WARN_NON_LITERAL_NULL_CONVERSION = YES;
				CLANG_WARN_OBJC_IMPLICIT_RETAIN_SELF = YES;
				CLANG_WARN_OBJC_LITERAL_CONVERSION = YES;
				CLANG_WARN_OBJC_ROOT_CLASS = YES_ERROR;
				CLANG_WARN_QUOTED_INCLUDE_IN_FRAMEWORK_HEADER = YES;
				CLANG_WARN_RANGE_LOOP_ANALYSIS = YES;
				CLANG_WARN_STRICT_PROTOTYPES = YES;
				CLANG_WARN_SUSPICIOUS_MOVE = YES;
				CLANG_WARN_UNGUARDED_AVAILABILITY = YES_AGGRESSIVE;
				CLANG_WARN_UNREACHABLE_CODE = YES;
				CLANG_WARN__DUPLICATE_METHOD_MATCH = YES;
				COPY_PHASE_STRIP = NO;
				DEBUG_INFORMATION_FORMAT = "dwarf-with-dsym";
				ENABLE_NS_ASSERTIONS = NO;
				ENABLE_STRICT_OBJC_MSGSEND = YES;
				ENABLE_USER_SCRIPT_SANDBOXING = YES;
				GCC_C_LANGUAGE_STANDARD = gnu17;
				GCC_NO_COMMON_BLOCKS = YES;
				GCC_WARN_64_TO_32_BIT_CONVERSION = YES;
				GCC_WARN_ABOUT_RETURN_TYPE = YES_ERROR;
				GCC_WARN_UNDECLARED_SELECTOR = YES;
				GCC_WARN_UNINITIALIZED_AUTOS = YES_AGGRESSIVE;
				GCC_WARN_UNUSED_FUNCTION = YES;
				GCC_WARN_UNUSED_VARIABLE = YES;
				IPHONEOS_DEPLOYMENT_TARGET = 17.4;
				LOCALIZATION_PREFERS_STRING_CATALOGS = YES;
				MTL_ENABLE_DEBUG_INFO = NO;
				MTL_FAST_MATH = YES;
				SDKROOT = iphoneos;
				SWIFT_COMPILATION_MODE = wholemodule;
				VALIDATE_PRODUCT = YES;
			};
			name = Release;
		};
		2CF006E22BDF0D3900941E8B /* Debug */ = {
			isa = XCBuildConfiguration;
			buildSettings = {
				ASSETCATALOG_COMPILER_APPICON_NAME = AppIcon;
				ASSETCATALOG_COMPILER_GLOBAL_ACCENT_COLOR_NAME = AccentColor;
				CODE_SIGN_STYLE = Automatic;
				CURRENT_PROJECT_VERSION = 1;
				DEVELOPMENT_ASSET_PATHS = "\"Dungeon Roll/Preview Content\"";
				DEVELOPMENT_TEAM = 5Z6AC3LV9L;
				ENABLE_PREVIEWS = YES;
				GENERATE_INFOPLIST_FILE = YES;
				INFOPLIST_KEY_UIApplicationSceneManifest_Generation = YES;
				INFOPLIST_KEY_UIApplicationSupportsIndirectInputEvents = YES;
				INFOPLIST_KEY_UILaunchScreen_Generation = YES;
				INFOPLIST_KEY_UISupportedInterfaceOrientations_iPad = "UIInterfaceOrientationPortrait UIInterfaceOrientationPortraitUpsideDown UIInterfaceOrientationLandscapeLeft UIInterfaceOrientationLandscapeRight";
				INFOPLIST_KEY_UISupportedInterfaceOrientations_iPhone = "UIInterfaceOrientationPortrait UIInterfaceOrientationLandscapeLeft UIInterfaceOrientationLandscapeRight";
				LD_RUNPATH_SEARCH_PATHS = (
					"$(inherited)",
					"@executable_path/Frameworks",
				);
				MARKETING_VERSION = 1.0;
				PRODUCT_BUNDLE_IDENTIFIER = "duhmarcus.Dungeon-Roll";
				PRODUCT_NAME = "$(TARGET_NAME)";
				SWIFT_EMIT_LOC_STRINGS = YES;
				SWIFT_VERSION = 5.0;
				TARGETED_DEVICE_FAMILY = "1,2";
			};
			name = Debug;
		};
		2CF006E32BDF0D3900941E8B /* Release */ = {
			isa = XCBuildConfiguration;
			buildSettings = {
				ASSETCATALOG_COMPILER_APPICON_NAME = AppIcon;
				ASSETCATALOG_COMPILER_GLOBAL_ACCENT_COLOR_NAME = AccentColor;
				CODE_SIGN_STYLE = Automatic;
				CURRENT_PROJECT_VERSION = 1;
				DEVELOPMENT_ASSET_PATHS = "\"Dungeon Roll/Preview Content\"";
				DEVELOPMENT_TEAM = 5Z6AC3LV9L;
				ENABLE_PREVIEWS = YES;
				GENERATE_INFOPLIST_FILE = YES;
				INFOPLIST_KEY_UIApplicationSceneManifest_Generation = YES;
				INFOPLIST_KEY_UIApplicationSupportsIndirectInputEvents = YES;
				INFOPLIST_KEY_UILaunchScreen_Generation = YES;
				INFOPLIST_KEY_UISupportedInterfaceOrientations_iPad = "UIInterfaceOrientationPortrait UIInterfaceOrientationPortraitUpsideDown UIInterfaceOrientationLandscapeLeft UIInterfaceOrientationLandscapeRight";
				INFOPLIST_KEY_UISupportedInterfaceOrientations_iPhone = "UIInterfaceOrientationPortrait UIInterfaceOrientationLandscapeLeft UIInterfaceOrientationLandscapeRight";
				LD_RUNPATH_SEARCH_PATHS = (
					"$(inherited)",
					"@executable_path/Frameworks",
				);
				MARKETING_VERSION = 1.0;
				PRODUCT_BUNDLE_IDENTIFIER = "duhmarcus.Dungeon-Roll";
				PRODUCT_NAME = "$(TARGET_NAME)";
				SWIFT_EMIT_LOC_STRINGS = YES;
				SWIFT_VERSION = 5.0;
				TARGETED_DEVICE_FAMILY = "1,2";
			};
			name = Release;
		};
		2CF006E52BDF0D3900941E8B /* Debug */ = {
			isa = XCBuildConfiguration;
			buildSettings = {
				ALWAYS_EMBED_SWIFT_STANDARD_LIBRARIES = YES;
				BUNDLE_LOADER = "$(TEST_HOST)";
				CODE_SIGN_STYLE = Automatic;
				CURRENT_PROJECT_VERSION = 1;
				DEVELOPMENT_TEAM = 5Z6AC3LV9L;
				GENERATE_INFOPLIST_FILE = YES;
				IPHONEOS_DEPLOYMENT_TARGET = 17.4;
				MARKETING_VERSION = 1.0;
				PRODUCT_BUNDLE_IDENTIFIER = "duhmarcus.Dungeon-RollTests";
				PRODUCT_NAME = "$(TARGET_NAME)";
				SWIFT_EMIT_LOC_STRINGS = NO;
				SWIFT_VERSION = 5.0;
				TARGETED_DEVICE_FAMILY = "1,2";
				TEST_HOST = "$(BUILT_PRODUCTS_DIR)/Dungeon Roll.app/$(BUNDLE_EXECUTABLE_FOLDER_PATH)/Dungeon Roll";
			};
			name = Debug;
		};
		2CF006E62BDF0D3900941E8B /* Release */ = {
			isa = XCBuildConfiguration;
			buildSettings = {
				ALWAYS_EMBED_SWIFT_STANDARD_LIBRARIES = YES;
				BUNDLE_LOADER = "$(TEST_HOST)";
				CODE_SIGN_STYLE = Automatic;
				CURRENT_PROJECT_VERSION = 1;
				DEVELOPMENT_TEAM = 5Z6AC3LV9L;
				GENERATE_INFOPLIST_FILE = YES;
				IPHONEOS_DEPLOYMENT_TARGET = 17.4;
				MARKETING_VERSION = 1.0;
				PRODUCT_BUNDLE_IDENTIFIER = "duhmarcus.Dungeon-RollTests";
				PRODUCT_NAME = "$(TARGET_NAME)";
				SWIFT_EMIT_LOC_STRINGS = NO;
				SWIFT_VERSION = 5.0;
				TARGETED_DEVICE_FAMILY = "1,2";
				TEST_HOST = "$(BUILT_PRODUCTS_DIR)/Dungeon Roll.app/$(BUNDLE_EXECUTABLE_FOLDER_PATH)/Dungeon Roll";
			};
			name = Release;
		};
		2CF006E82BDF0D3900941E8B /* Debug */ = {
			isa = XCBuildConfiguration;
			buildSettings = {
				ALWAYS_EMBED_SWIFT_STANDARD_LIBRARIES = YES;
				CODE_SIGN_STYLE = Automatic;
				CURRENT_PROJECT_VERSION = 1;
				DEVELOPMENT_TEAM = 5Z6AC3LV9L;
				GENERATE_INFOPLIST_FILE = YES;
				MARKETING_VERSION = 1.0;
				PRODUCT_BUNDLE_IDENTIFIER = "duhmarcus.Dungeon-RollUITests";
				PRODUCT_NAME = "$(TARGET_NAME)";
				SWIFT_EMIT_LOC_STRINGS = NO;
				SWIFT_VERSION = 5.0;
				TARGETED_DEVICE_FAMILY = "1,2";
				TEST_TARGET_NAME = "Dungeon Roll";
			};
			name = Debug;
		};
		2CF006E92BDF0D3900941E8B /* Release */ = {
			isa = XCBuildConfiguration;
			buildSettings = {
				ALWAYS_EMBED_SWIFT_STANDARD_LIBRARIES = YES;
				CODE_SIGN_STYLE = Automatic;
				CURRENT_PROJECT_VERSION = 1;
				DEVELOPMENT_TEAM = 5Z6AC3LV9L;
				GENERATE_INFOPLIST_FILE = YES;
				MARKETING_VERSION = 1.0;
				PRODUCT_BUNDLE_IDENTIFIER = "duhmarcus.Dungeon-RollUITests";
				PRODUCT_NAME = "$(TARGET_NAME)";
				SWIFT_EMIT_LOC_STRINGS = NO;
				SWIFT_VERSION = 5.0;
				TARGETED_DEVICE_FAMILY = "1,2";
				TEST_TARGET_NAME = "Dungeon Roll";
			};
			name = Release;
		};
/* End XCBuildConfiguration section */

/* Begin XCConfigurationList section */
		2CF006B82BDF0D3800941E8B /* Build configuration list for PBXProject "Dungeon Roll" */ = {
			isa = XCConfigurationList;
			buildConfigurations = (
				2CF006DF2BDF0D3900941E8B /* Debug */,
				2CF006E02BDF0D3900941E8B /* Release */,
			);
			defaultConfigurationIsVisible = 0;
			defaultConfigurationName = Release;
		};
		2CF006E12BDF0D3900941E8B /* Build configuration list for PBXNativeTarget "Dungeon Roll" */ = {
			isa = XCConfigurationList;
			buildConfigurations = (
				2CF006E22BDF0D3900941E8B /* Debug */,
				2CF006E32BDF0D3900941E8B /* Release */,
			);
			defaultConfigurationIsVisible = 0;
			defaultConfigurationName = Release;
		};
		2CF006E42BDF0D3900941E8B /* Build configuration list for PBXNativeTarget "Dungeon RollTests" */ = {
			isa = XCConfigurationList;
			buildConfigurations = (
				2CF006E52BDF0D3900941E8B /* Debug */,
				2CF006E62BDF0D3900941E8B /* Release */,
			);
			defaultConfigurationIsVisible = 0;
			defaultConfigurationName = Release;
		};
		2CF006E72BDF0D3900941E8B /* Build configuration list for PBXNativeTarget "Dungeon RollUITests" */ = {
			isa = XCConfigurationList;
			buildConfigurations = (
				2CF006E82BDF0D3900941E8B /* Debug */,
				2CF006E92BDF0D3900941E8B /* Release */,
			);
			defaultConfigurationIsVisible = 0;
			defaultConfigurationName = Release;
		};
/* End XCConfigurationList section */
	};
	rootObject = 2CF006B52BDF0D3800941E8B /* Project object */;
}
